
Microsoft Visual Studio Solution File, Format Version 12.00
# Visual Studio Version 17
VisualStudioVersion = 17.3.32804.467
MinimumVisualStudioVersion = 10.0.40219.1
Project("{FAE04EC0-301F-11D3-BF4B-00C04F79EFBC}") = "ef-web-api", "ef-web-api\ef-web-api.csproj", "{5D1D9CA1-237F-47DA-92A2-6B4FB61E5F56}"
EndProject
Global
	GlobalSection(SolutionConfigurationPlatforms) = preSolution
		Debug|Any CPU = Debug|Any CPU
		Release|Any CPU = Release|Any CPU
	EndGlobalSection
	GlobalSection(ProjectConfigurationPlatforms) = postSolution
		{5D1D9CA1-237F-47DA-92A2-6B4FB61E5F56}.Debug|Any CPU.ActiveCfg = Debug|Any CPU
		{5D1D9CA1-237F-47DA-92A2-6B4FB61E5F56}.Debug|Any CPU.Build.0 = Debug|Any CPU
		{5D1D9CA1-237F-47DA-92A2-6B4FB61E5F56}.Release|Any CPU.ActiveCfg = Release|Any CPU
		{5D1D9CA1-237F-47DA-92A2-6B4FB61E5F56}.Release|Any CPU.Build.0 = Release|Any CPU
	EndGlobalSection
	GlobalSection(SolutionProperties) = preSolution
		HideSolutionNode = FALSE
	EndGlobalSection
	GlobalSection(ExtensibilityGlobals) = postSolution
		SolutionGuid = {EF5D1B85-0A7D-4AC3-B69C-ABF852CB5E58}
	EndGlobalSection
EndGlobal
